
Microsoft Visual Studio Solution File, Format Version 12.00
# Visual Studio Version 17
VisualStudioVersion = 17.11.35219.272
MinimumVisualStudioVersion = 10.0.40219.1
Project("{FAE04EC0-301F-11D3-BF4B-00C04F79EFBC}") = "CronometerTask.Resources", "CronometerTask.Resources\CronometerTask.Resources.csproj", "{C827DEFC-D736-493D-916E-00A509CAE91B}"
EndProject
Project("{9A19103F-16F7-4668-BE54-9A1E7A4F7556}") = "CronometerTask.UI", "CronometerTask.UI\CronometerTask.UI.csproj", "{AF3097CA-4617-4BA3-9C48-5D159291BC67}"
EndProject
Project("{9A19103F-16F7-4668-BE54-9A1E7A4F7556}") = "CronometerTask.Domain", "CronometerTask.Domain\CronometerTask.Domain.csproj", "{91D26153-0B71-4EEC-962C-93F6961B0651}"
EndProject
Project("{9A19103F-16F7-4668-BE54-9A1E7A4F7556}") = "CronometerTask.Tests", "CronometerTask.Tests\CronometerTask.Tests.csproj", "{DE6EA391-612B-4164-B48F-CEF5EDF48171}"
EndProject
Project("{FAE04EC0-301F-11D3-BF4B-00C04F79EFBC}") = "CronometerTask.Infrastructure", "CronometerTask.Infrastructure\CronometerTask.Infrastructure.csproj", "{52236216-20C5-4477-B6A2-DFC25CF81D1E}"
EndProject
Global
	GlobalSection(SolutionConfigurationPlatforms) = preSolution
		Debug|Any CPU = Debug|Any CPU
		Release|Any CPU = Release|Any CPU
	EndGlobalSection
	GlobalSection(ProjectConfigurationPlatforms) = postSolution
		{C827DEFC-D736-493D-916E-00A509CAE91B}.Debug|Any CPU.ActiveCfg = Debug|Any CPU
		{C827DEFC-D736-493D-916E-00A509CAE91B}.Debug|Any CPU.Build.0 = Debug|Any CPU
		{C827DEFC-D736-493D-916E-00A509CAE91B}.Release|Any CPU.ActiveCfg = Release|Any CPU
		{C827DEFC-D736-493D-916E-00A509CAE91B}.Release|Any CPU.Build.0 = Release|Any CPU
		{AF3097CA-4617-4BA3-9C48-5D159291BC67}.Debug|Any CPU.ActiveCfg = Debug|Any CPU
		{AF3097CA-4617-4BA3-9C48-5D159291BC67}.Debug|Any CPU.Build.0 = Debug|Any CPU
		{AF3097CA-4617-4BA3-9C48-5D159291BC67}.Release|Any CPU.ActiveCfg = Release|Any CPU
		{AF3097CA-4617-4BA3-9C48-5D159291BC67}.Release|Any CPU.Build.0 = Release|Any CPU
		{91D26153-0B71-4EEC-962C-93F6961B0651}.Debug|Any CPU.ActiveCfg = Debug|Any CPU
		{91D26153-0B71-4EEC-962C-93F6961B0651}.Debug|Any CPU.Build.0 = Debug|Any CPU
		{91D26153-0B71-4EEC-962C-93F6961B0651}.Release|Any CPU.ActiveCfg = Release|Any CPU
		{91D26153-0B71-4EEC-962C-93F6961B0651}.Release|Any CPU.Build.0 = Release|Any CPU
		{DE6EA391-612B-4164-B48F-CEF5EDF48171}.Debug|Any CPU.ActiveCfg = Debug|Any CPU
		{DE6EA391-612B-4164-B48F-CEF5EDF48171}.Debug|Any CPU.Build.0 = Debug|Any CPU
		{DE6EA391-612B-4164-B48F-CEF5EDF48171}.Release|Any CPU.ActiveCfg = Release|Any CPU
		{DE6EA391-612B-4164-B48F-CEF5EDF48171}.Release|Any CPU.Build.0 = Release|Any CPU
		{52236216-20C5-4477-B6A2-DFC25CF81D1E}.Debug|Any CPU.ActiveCfg = Debug|Any CPU
		{52236216-20C5-4477-B6A2-DFC25CF81D1E}.Debug|Any CPU.Build.0 = Debug|Any CPU
		{52236216-20C5-4477-B6A2-DFC25CF81D1E}.Release|Any CPU.ActiveCfg = Release|Any CPU
		{52236216-20C5-4477-B6A2-DFC25CF81D1E}.Release|Any CPU.Build.0 = Release|Any CPU
	EndGlobalSection
	GlobalSection(SolutionProperties) = preSolution
		HideSolutionNode = FALSE
	EndGlobalSection
	GlobalSection(ExtensibilityGlobals) = postSolution
		SolutionGuid = {07702CE2-602F-4AF5-9656-532987D5E666}
	EndGlobalSection
EndGlobal
